
Microsoft Visual Studio Solution File, Format Version 12.00
# Visual Studio 2013
VisualStudioVersion = 12.0.21005.1
MinimumVisualStudioVersion = 10.0.40219.1
Project("{FAE04EC0-301F-11D3-BF4B-00C04F79EFBC}") = "OpsLogix.WAP.Base", "OpsLogix.WAP.Base\OpsLogix.WAP.Base.csproj", "{8D180247-ADD6-4FB4-BB98-9F2B9F3EBD6E}"
EndProject
Project("{FAE04EC0-301F-11D3-BF4B-00C04F79EFBC}") = "OpsLogix.WAP.Common", "OpsLogix.WAP.Common\OpsLogix.WAP.Common.csproj", "{8EE756C0-A570-4749-A25D-97D5320CA0A8}"
EndProject
Project("{FAE04EC0-301F-11D3-BF4B-00C04F79EFBC}") = "OpsLogix.WAP.RunPowerShell.ApiClient", "OpsLogix.WAP.RunPowerShell.ApiClient\OpsLogix.WAP.RunPowerShell.ApiClient.csproj", "{CC16EEDA-663B-4E41-8047-0AAED4A03680}"
EndProject
Project("{FAE04EC0-301F-11D3-BF4B-00C04F79EFBC}") = "OpsLogix.WAP.RunPowerShell.Api", "OpsLogix.WAP.RunPowerShell.Api\OpsLogix.WAP.RunPowerShell.Api.csproj", "{F66D9400-FB56-48D4-8DA3-C9AE59AD9E0D}"
EndProject
Project("{FAE04EC0-301F-11D3-BF4B-00C04F79EFBC}") = "OpsLogix.WAP.RunPowerShell.AdminExtension", "OpsLogix.WAP.RunPowerShell.AdminExtension\OpsLogix.WAP.RunPowerShell.AdminExtension.csproj", "{ADB067C9-C4FE-483C-BA6C-6C06FAD70116}"
EndProject
Project("{FAE04EC0-301F-11D3-BF4B-00C04F79EFBC}") = "OpsLogix.WAP.RunPowerShell.TenantExtension", "OpsLogix.WAP.RunPowerShell.TenantExtension\OpsLogix.WAP.RunPowerShell.TenantExtension.csproj", "{FD2B705E-7262-4BB6-871B-B9C7845C6C06}"
EndProject
Project("{FAE04EC0-301F-11D3-BF4B-00C04F79EFBC}") = "OpsLogix.WAP.RunPowerShell.Api.ServiceReference", "OpsLogix.WAP.RunPowerShell.Api.ServiceReference\OpsLogix.WAP.RunPowerShell.Api.ServiceReference.csproj", "{C0130A1E-1F35-4BE2-97AD-848BCCC4236E}"
EndProject
Project("{2150E333-8FDC-42A3-9474-1A3956D46DE8}") = ".nuget", ".nuget", "{95F80C76-4334-4B2E-B61E-F75C9CD5903C}"
	ProjectSection(SolutionItems) = preProject
		.nuget\NuGet.Config = .nuget\NuGet.Config
		.nuget\NuGet.exe = .nuget\NuGet.exe
		.nuget\NuGet.targets = .nuget\NuGet.targets
	EndProjectSection
EndProject
Project("{930C7802-8A8C-48F9-8165-68863BCCD9DD}") = "SetupProject", "SetupProject\SetupProject.wixproj", "{92539D3D-E565-4518-8E94-EAB37B13B001}"
EndProject
Project("{FAE04EC0-301F-11D3-BF4B-00C04F79EFBC}") = "Database.CustomAction", "Database.CustomAction\Database.CustomAction.csproj", "{5DFAA3C7-22F8-4B8A-8B62-49F775AD35BA}"
EndProject
Global
	GlobalSection(SolutionConfigurationPlatforms) = preSolution
		Debug|Any CPU = Debug|Any CPU
		Debug|Mixed Platforms = Debug|Mixed Platforms
		Debug|x86 = Debug|x86
		Release|Any CPU = Release|Any CPU
		Release|Mixed Platforms = Release|Mixed Platforms
		Release|x86 = Release|x86
	EndGlobalSection
	GlobalSection(ProjectConfigurationPlatforms) = postSolution
		{8D180247-ADD6-4FB4-BB98-9F2B9F3EBD6E}.Debug|Any CPU.ActiveCfg = Debug|Any CPU
		{8D180247-ADD6-4FB4-BB98-9F2B9F3EBD6E}.Debug|Any CPU.Build.0 = Debug|Any CPU
		{8D180247-ADD6-4FB4-BB98-9F2B9F3EBD6E}.Debug|Mixed Platforms.ActiveCfg = Debug|Any CPU
		{8D180247-ADD6-4FB4-BB98-9F2B9F3EBD6E}.Debug|Mixed Platforms.Build.0 = Debug|Any CPU
		{8D180247-ADD6-4FB4-BB98-9F2B9F3EBD6E}.Debug|x86.ActiveCfg = Debug|Any CPU
		{8D180247-ADD6-4FB4-BB98-9F2B9F3EBD6E}.Release|Any CPU.ActiveCfg = Release|Any CPU
		{8D180247-ADD6-4FB4-BB98-9F2B9F3EBD6E}.Release|Any CPU.Build.0 = Release|Any CPU
		{8D180247-ADD6-4FB4-BB98-9F2B9F3EBD6E}.Release|Mixed Platforms.ActiveCfg = Release|Any CPU
		{8D180247-ADD6-4FB4-BB98-9F2B9F3EBD6E}.Release|Mixed Platforms.Build.0 = Release|Any CPU
		{8D180247-ADD6-4FB4-BB98-9F2B9F3EBD6E}.Release|x86.ActiveCfg = Release|Any CPU
		{8EE756C0-A570-4749-A25D-97D5320CA0A8}.Debug|Any CPU.ActiveCfg = Debug|Any CPU
		{8EE756C0-A570-4749-A25D-97D5320CA0A8}.Debug|Any CPU.Build.0 = Debug|Any CPU
		{8EE756C0-A570-4749-A25D-97D5320CA0A8}.Debug|Mixed Platforms.ActiveCfg = Debug|Any CPU
		{8EE756C0-A570-4749-A25D-97D5320CA0A8}.Debug|Mixed Platforms.Build.0 = Debug|Any CPU
		{8EE756C0-A570-4749-A25D-97D5320CA0A8}.Debug|x86.ActiveCfg = Debug|Any CPU
		{8EE756C0-A570-4749-A25D-97D5320CA0A8}.Release|Any CPU.ActiveCfg = Release|Any CPU
		{8EE756C0-A570-4749-A25D-97D5320CA0A8}.Release|Any CPU.Build.0 = Release|Any CPU
		{8EE756C0-A570-4749-A25D-97D5320CA0A8}.Release|Mixed Platforms.ActiveCfg = Release|Any CPU
		{8EE756C0-A570-4749-A25D-97D5320CA0A8}.Release|Mixed Platforms.Build.0 = Release|Any CPU
		{8EE756C0-A570-4749-A25D-97D5320CA0A8}.Release|x86.ActiveCfg = Release|Any CPU
		{CC16EEDA-663B-4E41-8047-0AAED4A03680}.Debug|Any CPU.ActiveCfg = Debug|Any CPU
		{CC16EEDA-663B-4E41-8047-0AAED4A03680}.Debug|Any CPU.Build.0 = Debug|Any CPU
		{CC16EEDA-663B-4E41-8047-0AAED4A03680}.Debug|Mixed Platforms.ActiveCfg = Debug|Any CPU
		{CC16EEDA-663B-4E41-8047-0AAED4A03680}.Debug|Mixed Platforms.Build.0 = Debug|Any CPU
		{CC16EEDA-663B-4E41-8047-0AAED4A03680}.Debug|x86.ActiveCfg = Debug|Any CPU
		{CC16EEDA-663B-4E41-8047-0AAED4A03680}.Release|Any CPU.ActiveCfg = Release|Any CPU
		{CC16EEDA-663B-4E41-8047-0AAED4A03680}.Release|Any CPU.Build.0 = Release|Any CPU
		{CC16EEDA-663B-4E41-8047-0AAED4A03680}.Release|Mixed Platforms.ActiveCfg = Release|Any CPU
		{CC16EEDA-663B-4E41-8047-0AAED4A03680}.Release|Mixed Platforms.Build.0 = Release|Any CPU
		{CC16EEDA-663B-4E41-8047-0AAED4A03680}.Release|x86.ActiveCfg = Release|Any CPU
		{F66D9400-FB56-48D4-8DA3-C9AE59AD9E0D}.Debug|Any CPU.ActiveCfg = Debug|Any CPU
		{F66D9400-FB56-48D4-8DA3-C9AE59AD9E0D}.Debug|Any CPU.Build.0 = Debug|Any CPU
		{F66D9400-FB56-48D4-8DA3-C9AE59AD9E0D}.Debug|Mixed Platforms.ActiveCfg = Debug|Any CPU
		{F66D9400-FB56-48D4-8DA3-C9AE59AD9E0D}.Debug|Mixed Platforms.Build.0 = Debug|Any CPU
		{F66D9400-FB56-48D4-8DA3-C9AE59AD9E0D}.Debug|x86.ActiveCfg = Debug|Any CPU
		{F66D9400-FB56-48D4-8DA3-C9AE59AD9E0D}.Release|Any CPU.ActiveCfg = Release|Any CPU
		{F66D9400-FB56-48D4-8DA3-C9AE59AD9E0D}.Release|Any CPU.Build.0 = Release|Any CPU
		{F66D9400-FB56-48D4-8DA3-C9AE59AD9E0D}.Release|Mixed Platforms.ActiveCfg = Release|Any CPU
		{F66D9400-FB56-48D4-8DA3-C9AE59AD9E0D}.Release|Mixed Platforms.Build.0 = Release|Any CPU
		{F66D9400-FB56-48D4-8DA3-C9AE59AD9E0D}.Release|x86.ActiveCfg = Release|Any CPU
		{ADB067C9-C4FE-483C-BA6C-6C06FAD70116}.Debug|Any CPU.ActiveCfg = Debug|Any CPU
		{ADB067C9-C4FE-483C-BA6C-6C06FAD70116}.Debug|Any CPU.Build.0 = Debug|Any CPU
		{ADB067C9-C4FE-483C-BA6C-6C06FAD70116}.Debug|Mixed Platforms.ActiveCfg = Debug|Any CPU
		{ADB067C9-C4FE-483C-BA6C-6C06FAD70116}.Debug|Mixed Platforms.Build.0 = Debug|Any CPU
		{ADB067C9-C4FE-483C-BA6C-6C06FAD70116}.Debug|x86.ActiveCfg = Debug|Any CPU
		{ADB067C9-C4FE-483C-BA6C-6C06FAD70116}.Release|Any CPU.ActiveCfg = Release|Any CPU
		{ADB067C9-C4FE-483C-BA6C-6C06FAD70116}.Release|Any CPU.Build.0 = Release|Any CPU
		{ADB067C9-C4FE-483C-BA6C-6C06FAD70116}.Release|Mixed Platforms.ActiveCfg = Release|Any CPU
		{ADB067C9-C4FE-483C-BA6C-6C06FAD70116}.Release|Mixed Platforms.Build.0 = Release|Any CPU
		{ADB067C9-C4FE-483C-BA6C-6C06FAD70116}.Release|x86.ActiveCfg = Release|Any CPU
		{FD2B705E-7262-4BB6-871B-B9C7845C6C06}.Debug|Any CPU.ActiveCfg = Debug|Any CPU
		{FD2B705E-7262-4BB6-871B-B9C7845C6C06}.Debug|Any CPU.Build.0 = Debug|Any CPU
		{FD2B705E-7262-4BB6-871B-B9C7845C6C06}.Debug|Mixed Platforms.ActiveCfg = Debug|Any CPU
		{FD2B705E-7262-4BB6-871B-B9C7845C6C06}.Debug|Mixed Platforms.Build.0 = Debug|Any CPU
		{FD2B705E-7262-4BB6-871B-B9C7845C6C06}.Debug|x86.ActiveCfg = Debug|Any CPU
		{FD2B705E-7262-4BB6-871B-B9C7845C6C06}.Release|Any CPU.ActiveCfg = Release|Any CPU
		{FD2B705E-7262-4BB6-871B-B9C7845C6C06}.Release|Any CPU.Build.0 = Release|Any CPU
		{FD2B705E-7262-4BB6-871B-B9C7845C6C06}.Release|Mixed Platforms.ActiveCfg = Release|Any CPU
		{FD2B705E-7262-4BB6-871B-B9C7845C6C06}.Release|Mixed Platforms.Build.0 = Release|Any CPU
		{FD2B705E-7262-4BB6-871B-B9C7845C6C06}.Release|x86.ActiveCfg = Release|Any CPU
		{C0130A1E-1F35-4BE2-97AD-848BCCC4236E}.Debug|Any CPU.ActiveCfg = Debug|Any CPU
		{C0130A1E-1F35-4BE2-97AD-848BCCC4236E}.Debug|Any CPU.Build.0 = Debug|Any CPU
		{C0130A1E-1F35-4BE2-97AD-848BCCC4236E}.Debug|Mixed Platforms.ActiveCfg = Debug|Any CPU
		{C0130A1E-1F35-4BE2-97AD-848BCCC4236E}.Debug|Mixed Platforms.Build.0 = Debug|Any CPU
		{C0130A1E-1F35-4BE2-97AD-848BCCC4236E}.Debug|x86.ActiveCfg = Debug|Any CPU
		{C0130A1E-1F35-4BE2-97AD-848BCCC4236E}.Release|Any CPU.ActiveCfg = Release|Any CPU
		{C0130A1E-1F35-4BE2-97AD-848BCCC4236E}.Release|Any CPU.Build.0 = Release|Any CPU
		{C0130A1E-1F35-4BE2-97AD-848BCCC4236E}.Release|Mixed Platforms.ActiveCfg = Release|Any CPU
		{C0130A1E-1F35-4BE2-97AD-848BCCC4236E}.Release|Mixed Platforms.Build.0 = Release|Any CPU
		{C0130A1E-1F35-4BE2-97AD-848BCCC4236E}.Release|x86.ActiveCfg = Release|Any CPU
		{92539D3D-E565-4518-8E94-EAB37B13B001}.Debug|Any CPU.ActiveCfg = Debug|x86
		{92539D3D-E565-4518-8E94-EAB37B13B001}.Debug|Mixed Platforms.ActiveCfg = Debug|x86
		{92539D3D-E565-4518-8E94-EAB37B13B001}.Debug|Mixed Platforms.Build.0 = Debug|x86
		{92539D3D-E565-4518-8E94-EAB37B13B001}.Debug|x86.ActiveCfg = Debug|x86
		{92539D3D-E565-4518-8E94-EAB37B13B001}.Debug|x86.Build.0 = Debug|x86
		{92539D3D-E565-4518-8E94-EAB37B13B001}.Release|Any CPU.ActiveCfg = Release|x86
		{92539D3D-E565-4518-8E94-EAB37B13B001}.Release|Mixed Platforms.ActiveCfg = Release|x86
		{92539D3D-E565-4518-8E94-EAB37B13B001}.Release|Mixed Platforms.Build.0 = Release|x86
		{92539D3D-E565-4518-8E94-EAB37B13B001}.Release|x86.ActiveCfg = Release|x86
		{92539D3D-E565-4518-8E94-EAB37B13B001}.Release|x86.Build.0 = Release|x86
		{5DFAA3C7-22F8-4B8A-8B62-49F775AD35BA}.Debug|Any CPU.ActiveCfg = Debug|x86
		{5DFAA3C7-22F8-4B8A-8B62-49F775AD35BA}.Debug|Mixed Platforms.ActiveCfg = Debug|x86
		{5DFAA3C7-22F8-4B8A-8B62-49F775AD35BA}.Debug|Mixed Platforms.Build.0 = Debug|x86
		{5DFAA3C7-22F8-4B8A-8B62-49F775AD35BA}.Debug|x86.ActiveCfg = Debug|x86
		{5DFAA3C7-22F8-4B8A-8B62-49F775AD35BA}.Debug|x86.Build.0 = Debug|x86
		{5DFAA3C7-22F8-4B8A-8B62-49F775AD35BA}.Release|Any CPU.ActiveCfg = Release|x86
		{5DFAA3C7-22F8-4B8A-8B62-49F775AD35BA}.Release|Mixed Platforms.ActiveCfg = Release|x86
		{5DFAA3C7-22F8-4B8A-8B62-49F775AD35BA}.Release|Mixed Platforms.Build.0 = Release|x86
		{5DFAA3C7-22F8-4B8A-8B62-49F775AD35BA}.Release|x86.ActiveCfg = Release|x86
		{5DFAA3C7-22F8-4B8A-8B62-49F775AD35BA}.Release|x86.Build.0 = Release|x86
	EndGlobalSection
	GlobalSection(SolutionProperties) = preSolution
		HideSolutionNode = FALSE
	EndGlobalSection
EndGlobal
